
Microsoft Visual Studio Solution File, Format Version 12.00
# Visual Studio Version 16
VisualStudioVersion = 16.0.30011.22
MinimumVisualStudioVersion = 10.0.40219.1
Project("{FAE04EC0-301F-11D3-BF4B-00C04F79EFBC}") = "ToolboxTest", "ToolboxTest.csproj", "{FA4E2B29-85A2-4411-AC94-9364EA37F3F6}"
EndProject
Global
	GlobalSection(SolutionConfigurationPlatforms) = preSolution
		Debug|Any CPU = Debug|Any CPU
		Release|Any CPU = Release|Any CPU
	EndGlobalSection
	GlobalSection(ProjectConfigurationPlatforms) = postSolution
		{FA4E2B29-85A2-4411-AC94-9364EA37F3F6}.Debug|Any CPU.ActiveCfg = Debug|Any CPU
		{FA4E2B29-85A2-4411-AC94-9364EA37F3F6}.Debug|Any CPU.Build.0 = Debug|Any CPU
		{FA4E2B29-85A2-4411-AC94-9364EA37F3F6}.Release|Any CPU.ActiveCfg = Release|Any CPU
		{FA4E2B29-85A2-4411-AC94-9364EA37F3F6}.Release|Any CPU.Build.0 = Release|Any CPU
	EndGlobalSection
	GlobalSection(SolutionProperties) = preSolution
		HideSolutionNode = FALSE
	EndGlobalSection
	GlobalSection(ExtensibilityGlobals) = postSolution
		SolutionGuid = {7E6F1A8B-F48A-4C44-8308-9B2B20CBCD37}
	EndGlobalSection
EndGlobal
